
Microsoft Visual Studio Solution File, Format Version 12.00
# Visual Studio Version 17
VisualStudioVersion = 17.9.34616.47
MinimumVisualStudioVersion = 10.0.40219.1
Project("{FAE04EC0-301F-11D3-BF4B-00C04F79EFBC}") = "tpmodul10_1302223029", "tpmodul10_1302223029\tpmodul10_1302223029.csproj", "{9833F56F-AB30-4142-B920-4DF3C0FA74C2}"
EndProject
Global
	GlobalSection(SolutionConfigurationPlatforms) = preSolution
		Debug|Any CPU = Debug|Any CPU
		Release|Any CPU = Release|Any CPU
	EndGlobalSection
	GlobalSection(ProjectConfigurationPlatforms) = postSolution
		{9833F56F-AB30-4142-B920-4DF3C0FA74C2}.Debug|Any CPU.ActiveCfg = Debug|Any CPU
		{9833F56F-AB30-4142-B920-4DF3C0FA74C2}.Debug|Any CPU.Build.0 = Debug|Any CPU
		{9833F56F-AB30-4142-B920-4DF3C0FA74C2}.Release|Any CPU.ActiveCfg = Release|Any CPU
		{9833F56F-AB30-4142-B920-4DF3C0FA74C2}.Release|Any CPU.Build.0 = Release|Any CPU
	EndGlobalSection
	GlobalSection(SolutionProperties) = preSolution
		HideSolutionNode = FALSE
	EndGlobalSection
	GlobalSection(ExtensibilityGlobals) = postSolution
		SolutionGuid = {9F88B544-7F91-4658-8F5F-5F66A1FF31D9}
	EndGlobalSection
EndGlobal
